Microsoft Visual Studio Solution File, Format Version 12.00
# Visual Studio Version 17
VisualStudioVersion = 17.5.2.0
MinimumVisualStudioVersion = 10.0.40219.1
Project("{FAE04EC0-301F-11D3-BF4B-00C04F79EFBC}") = "CadlunoTorloni", "CadlunoTorloni.csproj", "{16BB8291-BAA9-E7D3-29C3-D4FAF1CAF70C}"
EndProject
Global
	GlobalSection(SolutionConfigurationPlatforms) = preSolution
		Debug|Any CPU = Debug|Any CPU
		Release|Any CPU = Release|Any CPU
	EndGlobalSection
	GlobalSection(ProjectConfigurationPlatforms) = postSolution
		{16BB8291-BAA9-E7D3-29C3-D4FAF1CAF70C}.Debug|Any CPU.ActiveCfg = Debug|Any CPU
		{16BB8291-BAA9-E7D3-29C3-D4FAF1CAF70C}.Debug|Any CPU.Build.0 = Debug|Any CPU
		{16BB8291-BAA9-E7D3-29C3-D4FAF1CAF70C}.Release|Any CPU.ActiveCfg = Release|Any CPU
		{16BB8291-BAA9-E7D3-29C3-D4FAF1CAF70C}.Release|Any CPU.Build.0 = Release|Any CPU
	EndGlobalSection
	GlobalSection(SolutionProperties) = preSolution
		HideSolutionNode = FALSE
	EndGlobalSection
	GlobalSection(ExtensibilityGlobals) = postSolution
		SolutionGuid = {32B14F27-DA9E-4226-8545-427FA5DFBE7A}
	EndGlobalSection
EndGlobal
